// !$*UTF8*$!
{
	archiveVersion = 1;
	classes = {
	};
	objectVersion = 55;
	objects = {

/* Begin PBXBuildFile section */
		9D1856BA281AD9AE00409D81 /* IronswornRuleBookApp.swift in Sources */ = {isa = PBXBuildFile; fileRef = 9D7334972804786800B837D4 /* IronswornRuleBookApp.swift */; };
		9D1856BB281AD9B300409D81 /* IronswornView.swift in Sources */ = {isa = PBXBuildFile; fileRef = 9D7334C1280577FB00B837D4 /* IronswornView.swift */; };
		9D1856BC281AD9B700409D81 /* StarforgedView.swift in Sources */ = {isa = PBXBuildFile; fileRef = 9D07E58A280955D10041AA2F /* StarforgedView.swift */; };
		9D1856BD281AD9BD00409D81 /* TabView.swift in Sources */ = {isa = PBXBuildFile; fileRef = 9D07E5882809545F0041AA2F /* TabView.swift */; };
		9D1856BE281ADB1100409D81 /* Assets.xcassets in Resources */ = {isa = PBXBuildFile; fileRef = 9D73349B2804786900B837D4 /* Assets.xcassets */; };
		9D1856BF281ADB2100409D81 /* Preview Assets.xcassets in Resources */ = {isa = PBXBuildFile; fileRef = 9D73349E2804786900B837D4 /* Preview Assets.xcassets */; };
		9D1856C3281ADCFF00409D81 /* IronswornRuleBookApp.swift in Sources */ = {isa = PBXBuildFile; fileRef = 9D7334972804786800B837D4 /* IronswornRuleBookApp.swift */; };
		9D1856C4281ADD0200409D81 /* IronswornView.swift in Sources */ = {isa = PBXBuildFile; fileRef = 9D7334C1280577FB00B837D4 /* IronswornView.swift */; };
		9D1856C5281ADD0400409D81 /* StarforgedView.swift in Sources */ = {isa = PBXBuildFile; fileRef = 9D07E58A280955D10041AA2F /* StarforgedView.swift */; };
		9D1856C6281ADD0700409D81 /* TabView.swift in Sources */ = {isa = PBXBuildFile; fileRef = 9D07E5882809545F0041AA2F /* TabView.swift */; };
		9D1856C7281ADD0E00409D81 /* styles.css in Resources */ = {isa = PBXBuildFile; fileRef = 9D07E58428094CA50041AA2F /* styles.css */; };
		9D1856C8281ADD1300409D81 /* main.js in Resources */ = {isa = PBXBuildFile; fileRef = 9D07E582280944CA0041AA2F /* main.js */; };
		9D1856C9281ADD1600409D81 /* dice.mp3 in Resources */ = {isa = PBXBuildFile; fileRef = 9DBC74C0280A8EF0001F81D0 /* dice.mp3 */; };
		9D1856CA281ADD1900409D81 /* IS.html in Resources */ = {isa = PBXBuildFile; fileRef = 9D07E580280944C30041AA2F /* IS.html */; };
		9D1856CB281ADD1C00409D81 /* SF.html in Resources */ = {isa = PBXBuildFile; fileRef = 9D07E58628094E3D0041AA2F /* SF.html */; };
		9D1856CC281ADD1F00409D81 /* Assets.xcassets in Resources */ = {isa = PBXBuildFile; fileRef = 9D73349B2804786900B837D4 /* Assets.xcassets */; };
		9D1856CD281ADD2200409D81 /* Preview Assets.xcassets in Resources */ = {isa = PBXBuildFile; fileRef = 9D73349E2804786900B837D4 /* Preview Assets.xcassets */; };
/* End PBXBuildFile section */

/* Begin PBXFileReference section */
		9D07E580280944C30041AA2F /* IS.html */ = {isa = PBXFileReference; fileEncoding = 4; lastKnownFileType = text.html; path = IS.html; sourceTree = SOURCE_ROOT; };
		9D07E582280944CA0041AA2F /* main.js */ = {isa = PBXFileReference; fileEncoding = 4; lastKnownFileType = sourcecode.javascript; path = main.js; sourceTree = SOURCE_ROOT; };
		9D07E58428094CA50041AA2F /* styles.css */ = {isa = PBXFileReference; lastKnownFileType = text.css; path = styles.css; sourceTree = "<group>"; };
		9D07E58628094E3D0041AA2F /* SF.html */ = {isa = PBXFileReference; fileEncoding = 4; lastKnownFileType = text.html; path = SF.html; sourceTree = "<group>"; };
		9D07E5882809545F0041AA2F /* TabView.swift */ = {isa = PBXFileReference; lastKnownFileType = sourcecode.swift; path = TabView.swift; sourceTree = "<group>"; };
		9D07E58A280955D10041AA2F /* StarforgedView.swift */ = {isa = PBXFileReference; fileEncoding = 4; lastKnownFileType = sourcecode.swift; path = StarforgedView.swift; sourceTree = "<group>"; };
		9D22909528DC8EBE009BE7C7 /* MacApp.swift */ = {isa = PBXFileReference; lastKnownFileType = sourcecode.swift; path = MacApp.swift; sourceTree = "<group>"; };
		9D22909728DC8EBE009BE7C7 /* ContentView.swift */ = {isa = PBXFileReference; lastKnownFileType = sourcecode.swift; path = ContentView.swift; sourceTree = "<group>"; };
		9D22909928DC8EC0009BE7C7 /* Assets.xcassets */ = {isa = PBXFileReference; lastKnownFileType = folder.assetcatalog; path = Assets.xcassets; sourceTree = "<group>"; };
		9D22909C28DC8EC0009BE7C7 /* Preview Assets.xcassets */ = {isa = PBXFileReference; lastKnownFileType = folder.assetcatalog; path = "Preview Assets.xcassets"; sourceTree = "<group>"; };
		9D22909E28DC8EC0009BE7C7 /* Mac.entitlements */ = {isa = PBXFileReference; lastKnownFileType = text.plist.entitlements; path = Mac.entitlements; sourceTree = "<group>"; };
		9D7334942804786800B837D4 /* IronswornRuleBook.app */ = {isa = PBXFileReference; explicitFileType = wrapper.application; includeInIndex = 0; path = IronswornRuleBook.app; sourceTree = BUILT_PRODUCTS_DIR; };
		9D7334972804786800B837D4 /* IronswornRuleBookApp.swift */ = {isa = PBXFileReference; lastKnownFileType = sourcecode.swift; path = IronswornRuleBookApp.swift; sourceTree = "<group>"; };
		9D73349B2804786900B837D4 /* Assets.xcassets */ = {isa = PBXFileReference; lastKnownFileType = folder.assetcatalog; path = Assets.xcassets; sourceTree = "<group>"; };
		9D73349E2804786900B837D4 /* Preview Assets.xcassets */ = {isa = PBXFileReference; lastKnownFileType = folder.assetcatalog; path = "Preview Assets.xcassets"; sourceTree = "<group>"; };
		9D7334A42804786A00B837D4 /* IronswornRuleBookTests.xctest */ = {isa = PBXFileReference; explicitFileType = wrapper.cfbundle; includeInIndex = 0; path = IronswornRuleBookTests.xctest; sourceTree = BUILT_PRODUCTS_DIR; };
		9D7334A82804786A00B837D4 /* IronswornRuleBookTests.swift */ = {isa = PBXFileReference; lastKnownFileType = sourcecode.swift; path = IronswornRuleBookTests.swift; sourceTree = "<group>"; };
		9D7334AE2804786A00B837D4 /* IronswornRuleBookUITests.xctest */ = {isa = PBXFileReference; explicitFileType = wrapper.cfbundle; includeInIndex = 0; path = IronswornRuleBookUITests.xctest; sourceTree = BUILT_PRODUCTS_DIR; };
		9D7334B22804786A00B837D4 /* IronswornRuleBookUITests.swift */ = {isa = PBXFileReference; lastKnownFileType = sourcecode.swift; path = IronswornRuleBookUITests.swift; sourceTree = "<group>"; };
		9D7334B42804786A00B837D4 /* IronswornRuleBookUITestsLaunchTests.swift */ = {isa = PBXFileReference; lastKnownFileType = sourcecode.swift; path = IronswornRuleBookUITestsLaunchTests.swift; sourceTree = "<group>"; };
		9D7334C1280577FB00B837D4 /* IronswornView.swift */ = {isa = PBXFileReference; lastKnownFileType = sourcecode.swift; path = IronswornView.swift; sourceTree = "<group>"; };
		9D97707528068C6900280895 /* fromWeb.swift */ = {isa = PBXFileReference; lastKnownFileType = sourcecode.swift; path = fromWeb.swift; sourceTree = "<group>"; };
		9DBC74C0280A8EF0001F81D0 /* dice.mp3 */ = {isa = PBXFileReference; lastKnownFileType = audio.mp3; path = dice.mp3; sourceTree = SOURCE_ROOT; };
/* End PBXFileReference section */

/* Begin PBXFrameworksBuildPhase section */
		9D7334912804786800B837D4 /* Frameworks */ = {
			isa = PBXFrameworksBuildPhase;
			buildActionMask = 2147483647;
			files = (
			);
			runOnlyForDeploymentPostprocessing = 0;
		};
		9D7334A12804786A00B837D4 /* Frameworks */ = {
			isa = PBXFrameworksBuildPhase;
			buildActionMask = 2147483647;
			files = (
			);
			runOnlyForDeploymentPostprocessing = 0;
		};
		9D7334AB2804786A00B837D4 /* Frameworks */ = {
			isa = PBXFrameworksBuildPhase;
			buildActionMask = 2147483647;
			files = (
			);
			runOnlyForDeploymentPostprocessing = 0;
		};
/* End PBXFrameworksBuildPhase section */

/* Begin PBXGroup section */
		9D22909428DC8EBE009BE7C7 /* Mac */ = {
			isa = PBXGroup;
			children = (
				9D22909528DC8EBE009BE7C7 /* MacApp.swift */,
				9D22909728DC8EBE009BE7C7 /* ContentView.swift */,
				9D22909928DC8EC0009BE7C7 /* Assets.xcassets */,
				9D22909E28DC8EC0009BE7C7 /* Mac.entitlements */,
				9D22909B28DC8EC0009BE7C7 /* Preview Content */,
			);
			path = Mac;
			sourceTree = "<group>";
		};
		9D22909B28DC8EC0009BE7C7 /* Preview Content */ = {
			isa = PBXGroup;
			children = (
				9D22909C28DC8EC0009BE7C7 /* Preview Assets.xcassets */,
			);
			path = "Preview Content";
			sourceTree = "<group>";
		};
		9D73348B2804786800B837D4 = {
			isa = PBXGroup;
			children = (
				9D7334962804786800B837D4 /* IronswornRuleBook */,
				9D7334A72804786A00B837D4 /* IronswornRuleBookTests */,
				9D7334B12804786A00B837D4 /* IronswornRuleBookUITests */,
				9D22909428DC8EBE009BE7C7 /* Mac */,
				9D7334952804786800B837D4 /* Products */,
			);
			sourceTree = "<group>";
		};
		9D7334952804786800B837D4 /* Products */ = {
			isa = PBXGroup;
			children = (
				9D7334942804786800B837D4 /* IronswornRuleBook.app */,
				9D7334A42804786A00B837D4 /* IronswornRuleBookTests.xctest */,
				9D7334AE2804786A00B837D4 /* IronswornRuleBookUITests.xctest */,
			);
			name = Products;
			sourceTree = "<group>";
		};
		9D7334962804786800B837D4 /* IronswornRuleBook */ = {
			isa = PBXGroup;
			children = (
				9D7334972804786800B837D4 /* IronswornRuleBookApp.swift */,
				9D7334C1280577FB00B837D4 /* IronswornView.swift */,
				9D07E58A280955D10041AA2F /* StarforgedView.swift */,
				9D07E5882809545F0041AA2F /* TabView.swift */,
				9D07E58428094CA50041AA2F /* styles.css */,
				9D07E582280944CA0041AA2F /* main.js */,
				9DBC74C0280A8EF0001F81D0 /* dice.mp3 */,
				9D07E580280944C30041AA2F /* IS.html */,
				9D07E58628094E3D0041AA2F /* SF.html */,
				9D97707528068C6900280895 /* fromWeb.swift */,
				9D73349B2804786900B837D4 /* Assets.xcassets */,
				9D73349D2804786900B837D4 /* Preview Content */,
			);
			path = IronswornRuleBook;
			sourceTree = "<group>";
		};
		9D73349D2804786900B837D4 /* Preview Content */ = {
			isa = PBXGroup;
			children = (
				9D73349E2804786900B837D4 /* Preview Assets.xcassets */,
			);
			path = "Preview Content";
			sourceTree = "<group>";
		};
		9D7334A72804786A00B837D4 /* IronswornRuleBookTests */ = {
			isa = PBXGroup;
			children = (
				9D7334A82804786A00B837D4 /* IronswornRuleBookTests.swift */,
			);
			path = IronswornRuleBookTests;
			sourceTree = "<group>";
		};
		9D7334B12804786A00B837D4 /* IronswornRuleBookUITests */ = {
			isa = PBXGroup;
			children = (
				9D7334B22804786A00B837D4 /* IronswornRuleBookUITests.swift */,
				9D7334B42804786A00B837D4 /* IronswornRuleBookUITestsLaunchTests.swift */,
			);
			path = IronswornRuleBookUITests;
			sourceTree = "<group>";
		};
/* End PBXGroup section */

/* Begin PBXNativeTarget section */
		9D7334932804786800B837D4 /* IronswornRuleBook */ = {
			isa = PBXNativeTarget;
			buildConfigurationList = 9D7334B82804786A00B837D4 /* Build configuration list for PBXNativeTarget "IronswornRuleBook" */;
			buildPhases = (
				9D7334902804786800B837D4 /* Sources */,
				9D7334912804786800B837D4 /* Frameworks */,
				9D7334922804786800B837D4 /* Resources */,
			);
			buildRules = (
			);
			dependencies = (
			);
			name = IronswornRuleBook;
			productName = IronswornRuleBook;
			productReference = 9D7334942804786800B837D4 /* IronswornRuleBook.app */;
			productType = "com.apple.product-type.application";
		};
		9D7334A32804786A00B837D4 /* IronswornRuleBookTests */ = {
			isa = PBXNativeTarget;
			buildConfigurationList = 9D7334BB2804786A00B837D4 /* Build configuration list for PBXNativeTarget "IronswornRuleBookTests" */;
			buildPhases = (
				9D7334A02804786A00B837D4 /* Sources */,
				9D7334A12804786A00B837D4 /* Frameworks */,
				9D7334A22804786A00B837D4 /* Resources */,
			);
			buildRules = (
			);
			dependencies = (
			);
			name = IronswornRuleBookTests;
			productName = IronswornRuleBookTests;
			productReference = 9D7334A42804786A00B837D4 /* IronswornRuleBookTests.xctest */;
			productType = "com.apple.product-type.bundle.unit-test";
		};
		9D7334AD2804786A00B837D4 /* IronswornRuleBookUITests */ = {
			isa = PBXNativeTarget;
			buildConfigurationList = 9D7334BE2804786A00B837D4 /* Build configuration list for PBXNativeTarget "IronswornRuleBookUITests" */;
			buildPhases = (
				9D7334AA2804786A00B837D4 /* Sources */,
				9D7334AB2804786A00B837D4 /* Frameworks */,
				9D7334AC2804786A00B837D4 /* Resources */,
			);
			buildRules = (
			);
			dependencies = (
			);
			name = IronswornRuleBookUITests;
			productName = IronswornRuleBookUITests;
			productReference = 9D7334AE2804786A00B837D4 /* IronswornRuleBookUITests.xctest */;
			productType = "com.apple.product-type.bundle.ui-testing";
		};
/* End PBXNativeTarget section */

/* Begin PBXProject section */
		9D73348C2804786800B837D4 /* Project object */ = {
			isa = PBXProject;
			attributes = {
				BuildIndependentTargetsInParallel = 1;
				LastSwiftUpdateCheck = 1400;
				LastUpgradeCheck = 1330;
				TargetAttributes = {
					9D7334932804786800B837D4 = {
						CreatedOnToolsVersion = 13.3;
					};
					9D7334A32804786A00B837D4 = {
						CreatedOnToolsVersion = 13.3;
						TestTargetID = 9D7334932804786800B837D4;
					};
					9D7334AD2804786A00B837D4 = {
						CreatedOnToolsVersion = 13.3;
						TestTargetID = 9D7334932804786800B837D4;
					};
				};
			};
			buildConfigurationList = 9D73348F2804786800B837D4 /* Build configuration list for PBXProject "IronswornRuleBook" */;
			compatibilityVersion = "Xcode 13.0";
			developmentRegion = en;
			hasScannedForEncodings = 0;
			knownRegions = (
				en,
				Base,
			);
			mainGroup = 9D73348B2804786800B837D4;
			productRefGroup = 9D7334952804786800B837D4 /* Products */;
			projectDirPath = "";
			projectRoot = "";
			targets = (
				9D7334932804786800B837D4 /* IronswornRuleBook */,
				9D7334A32804786A00B837D4 /* IronswornRuleBookTests */,
				9D7334AD2804786A00B837D4 /* IronswornRuleBookUITests */,
			);
		};
/* End PBXProject section */

/* Begin PBXResourcesBuildPhase section */
		9D7334922804786800B837D4 /* Resources */ = {
			isa = PBXResourcesBuildPhase;
			buildActionMask = 2147483647;
			files = (
				9D1856CD281ADD2200409D81 /* Preview Assets.xcassets in Resources */,
				9D1856CC281ADD1F00409D81 /* Assets.xcassets in Resources */,
				9D1856CB281ADD1C00409D81 /* SF.html in Resources */,
				9D1856CA281ADD1900409D81 /* IS.html in Resources */,
				9D1856C9281ADD1600409D81 /* dice.mp3 in Resources */,
				9D1856C8281ADD1300409D81 /* main.js in Resources */,
				9D1856C7281ADD0E00409D81 /* styles.css in Resources */,
			);
			runOnlyForDeploymentPostprocessing = 0;
		};
		9D7334A22804786A00B837D4 /* Resources */ = {
			isa = PBXResourcesBuildPhase;
			buildActionMask = 2147483647;
			files = (
			);
			runOnlyForDeploymentPostprocessing = 0;
		};
		9D7334AC2804786A00B837D4 /* Resources */ = {
			isa = PBXResourcesBuildPhase;
			buildActionMask = 2147483647;
			files = (
				9D1856BF281ADB2100409D81 /* Preview Assets.xcassets in Resources */,
				9D1856BE281ADB1100409D81 /* Assets.xcassets in Resources */,
			);
			runOnlyForDeploymentPostprocessing = 0;
		};
/* End PBXResourcesBuildPhase section */

/* Begin PBXSourcesBuildPhase section */
		9D7334902804786800B837D4 /* Sources */ = {
			isa = PBXSourcesBuildPhase;
			buildActionMask = 2147483647;
			files = (
				9D1856C6281ADD0700409D81 /* TabView.swift in Sources */,
				9D1856C5281ADD0400409D81 /* StarforgedView.swift in Sources */,
				9D1856C4281ADD0200409D81 /* IronswornView.swift in Sources */,
				9D1856C3281ADCFF00409D81 /* IronswornRuleBookApp.swift in Sources */,
			);
			runOnlyForDeploymentPostprocessing = 0;
		};
		9D7334A02804786A00B837D4 /* Sources */ = {
			isa = PBXSourcesBuildPhase;
			buildActionMask = 2147483647;
			files = (
			);
			runOnlyForDeploymentPostprocessing = 0;
		};
		9D7334AA2804786A00B837D4 /* Sources */ = {
			isa = PBXSourcesBuildPhase;
			buildActionMask = 2147483647;
			files = (
				9D1856BD281AD9BD00409D81 /* TabView.swift in Sources */,
				9D1856BC281AD9B700409D81 /* StarforgedView.swift in Sources */,
				9D1856BB281AD9B300409D81 /* IronswornView.swift in Sources */,
				9D1856BA281AD9AE00409D81 /* IronswornRuleBookApp.swift in Sources */,
			);
			runOnlyForDeploymentPostprocessing = 0;
		};
/* End PBXSourcesBuildPhase section */

/* Begin XCBuildConfiguration section */
		9D7334B62804786A00B837D4 /* Debug */ = {
			isa = XCBuildConfiguration;
			buildSettings = {
				ALWAYS_SEARCH_USER_PATHS = NO;
				CLANG_ANALYZER_NONNULL = YES;
				CLANG_ANALYZER_NUMBER_OBJECT_CONVERSION = YES_AGGRESSIVE;
				CLANG_CXX_LANGUAGE_STANDARD = "gnu++17";
				CLANG_ENABLE_MODULES = YES;
				CLANG_ENABLE_OBJC_ARC = YES;
				CLANG_ENABLE_OBJC_WEAK = YES;
				CLANG_WARN_BLOCK_CAPTURE_AUTORELEASING = YES;
				CLANG_WARN_BOOL_CONVERSION = YES;
				CLANG_WARN_COMMA = YES;
				CLANG_WARN_CONSTANT_CONVERSION = YES;
				CLANG_WARN_DEPRECATED_OBJC_IMPLEMENTATIONS = YES;
				CLANG_WARN_DIRECT_OBJC_ISA_USAGE = YES_ERROR;
				CLANG_WARN_DOCUMENTATION_COMMENTS = YES;
				CLANG_WARN_EMPTY_BODY = YES;
				CLANG_WARN_ENUM_CONVERSION = YES;
				CLANG_WARN_INFINITE_RECURSION = YES;
				CLANG_WARN_INT_CONVERSION = YES;
				CLANG_WARN_NON_LITERAL_NULL_CONVERSION = YES;
				CLANG_WARN_OBJC_IMPLICIT_RETAIN_SELF = YES;
				CLANG_WARN_OBJC_LITERAL_CONVERSION = YES;
				CLANG_WARN_OBJC_ROOT_CLASS = YES_ERROR;
				CLANG_WARN_QUOTED_INCLUDE_IN_FRAMEWORK_HEADER = YES;
				CLANG_WARN_RANGE_LOOP_ANALYSIS = YES;
				CLANG_WARN_STRICT_PROTOTYPES = YES;
				CLANG_WARN_SUSPICIOUS_MOVE = YES;
				CLANG_WARN_UNGUARDED_AVAILABILITY = YES_AGGRESSIVE;
				CLANG_WARN_UNREACHABLE_CODE = YES;
				CLANG_WARN__DUPLICATE_METHOD_MATCH = YES;
				COPY_PHASE_STRIP = NO;
				DEBUG_INFORMATION_FORMAT = dwarf;
				ENABLE_STRICT_OBJC_MSGSEND = YES;
				ENABLE_TESTABILITY = YES;
				GCC_C_LANGUAGE_STANDARD = gnu11;
				GCC_DYNAMIC_NO_PIC = NO;
				GCC_NO_COMMON_BLOCKS = YES;
				GCC_OPTIMIZATION_LEVEL = 0;
				GCC_PREPROCESSOR_DEFINITIONS = (
					"DEBUG=1",
					"$(inherited)",
				);
				GCC_WARN_64_TO_32_BIT_CONVERSION = YES;
				GCC_WARN_ABOUT_RETURN_TYPE = YES_ERROR;
				GCC_WARN_UNDECLARED_SELECTOR = YES;
				GCC_WARN_UNINITIALIZED_AUTOS = YES_AGGRESSIVE;
				GCC_WARN_UNUSED_FUNCTION = YES;
				GCC_WARN_UNUSED_VARIABLE = YES;
				IPHONEOS_DEPLOYMENT_TARGET = 15.4;
				MTL_ENABLE_DEBUG_INFO = INCLUDE_SOURCE;
				MTL_FAST_MATH = YES;
				ONLY_ACTIVE_ARCH = YES;
				SDKROOT = iphoneos;
				SWIFT_ACTIVE_COMPILATION_CONDITIONS = DEBUG;
				SWIFT_OPTIMIZATION_LEVEL = "-Onone";
			};
			name = Debug;
		};
		9D7334B72804786A00B837D4 /* Release */ = {
			isa = XCBuildConfiguration;
			buildSettings = {
				ALWAYS_SEARCH_USER_PATHS = NO;
				CLANG_ANALYZER_NONNULL = YES;
				CLANG_ANALYZER_NUMBER_OBJECT_CONVERSION = YES_AGGRESSIVE;
				CLANG_CXX_LANGUAGE_STANDARD = "gnu++17";
				CLANG_ENABLE_MODULES = YES;
				CLANG_ENABLE_OBJC_ARC = YES;
				CLANG_ENABLE_OBJC_WEAK = YES;
				CLANG_WARN_BLOCK_CAPTURE_AUTORELEASING = YES;
				CLANG_WARN_BOOL_CONVERSION = YES;
				CLANG_WARN_COMMA = YES;
				CLANG_WARN_CONSTANT_CONVERSION = YES;
				CLANG_WARN_DEPRECATED_OBJC_IMPLEMENTATIONS = YES;
				CLANG_WARN_DIRECT_OBJC_ISA_USAGE = YES_ERROR;
				CLANG_WARN_DOCUMENTATION_COMMENTS = YES;
				CLANG_WARN_EMPTY_BODY = YES;
				CLANG_WARN_ENUM_CONVERSION = YES;
				CLANG_WARN_INFINITE_RECURSION = YES;
				CLANG_WARN_INT_CONVERSION = YES;
				CLANG_WARN_NON_LITERAL_NULL_CONVERSION = YES;
				CLANG_WARN_OBJC_IMPLICIT_RETAIN_SELF = YES;
				CLANG_WARN_OBJC_LITERAL_CONVERSION = YES;
				CLANG_WARN_OBJC_ROOT_CLASS = YES_ERROR;
				CLANG_WARN_QUOTED_INCLUDE_IN_FRAMEWORK_HEADER = YES;
				CLANG_WARN_RANGE_LOOP_ANALYSIS = YES;
				CLANG_WARN_STRICT_PROTOTYPES = YES;
				CLANG_WARN_SUSPICIOUS_MOVE = YES;
				CLANG_WARN_UNGUARDED_AVAILABILITY = YES_AGGRESSIVE;
				CLANG_WARN_UNREACHABLE_CODE = YES;
				CLANG_WARN__DUPLICATE_METHOD_MATCH = YES;
				COPY_PHASE_STRIP = NO;
				DEBUG_INFORMATION_FORMAT = "dwarf-with-dsym";
				ENABLE_NS_ASSERTIONS = NO;
				ENABLE_STRICT_OBJC_MSGSEND = YES;
				GCC_C_LANGUAGE_STANDARD = gnu11;
				GCC_NO_COMMON_BLOCKS = YES;
				GCC_WARN_64_TO_32_BIT_CONVERSION = YES;
				GCC_WARN_ABOUT_RETURN_TYPE = YES_ERROR;
				GCC_WARN_UNDECLARED_SELECTOR = YES;
				GCC_WARN_UNINITIALIZED_AUTOS = YES_AGGRESSIVE;
				GCC_WARN_UNUSED_FUNCTION = YES;
				GCC_WARN_UNUSED_VARIABLE = YES;
				IPHONEOS_DEPLOYMENT_TARGET = 15.4;
				MTL_ENABLE_DEBUG_INFO = NO;
				MTL_FAST_MATH = YES;
				ONLY_ACTIVE_ARCH = YES;
				SDKROOT = iphoneos;
				SWIFT_COMPILATION_MODE = wholemodule;
				SWIFT_OPTIMIZATION_LEVEL = "-O";
				VALIDATE_PRODUCT = YES;
			};
			name = Release;
		};
		9D7334B92804786A00B837D4 /* Debug */ = {
			isa = XCBuildConfiguration;
			buildSettings = {
				ASSETCATALOG_COMPILER_APPICON_NAME = AppIcon;
				ASSETCATALOG_COMPILER_GLOBAL_ACCENT_COLOR_NAME = AccentColor;
				CODE_SIGN_STYLE = Automatic;
				CURRENT_PROJECT_VERSION = 1;
				DEVELOPMENT_ASSET_PATHS = "\"IronswornRuleBook/Preview Content\"";
				DEVELOPMENT_TEAM = 537KS4297U;
				ENABLE_PREVIEWS = YES;
				GENERATE_INFOPLIST_FILE = YES;
				INFOPLIST_FILE = IronswornRuleBook/Info.plist;
				INFOPLIST_KEY_UIApplicationSceneManifest_Generation = YES;
				INFOPLIST_KEY_UIApplicationSupportsIndirectInputEvents = YES;
				INFOPLIST_KEY_UILaunchScreen_Generation = YES;
				INFOPLIST_KEY_UISupportedInterfaceOrientations_iPad = "UIInterfaceOrientationPortrait UIInterfaceOrientationPortraitUpsideDown UIInterfaceOrientationLandscapeLeft UIInterfaceOrientationLandscapeRight";
				INFOPLIST_KEY_UISupportedInterfaceOrientations_iPhone = "UIInterfaceOrientationPortrait UIInterfaceOrientationLandscapeLeft UIInterfaceOrientationLandscapeRight";
				LD_RUNPATH_SEARCH_PATHS = (
					"$(inherited)",
					"@executable_path/Frameworks",
				);
				MARKETING_VERSION = 1.0;
				PRODUCT_BUNDLE_IDENTIFIER = Lin.IronswornRuleBook;
				PRODUCT_NAME = IronswornRuleBook;
				SWIFT_EMIT_LOC_STRINGS = YES;
				SWIFT_VERSION = 5.0;
				TARGETED_DEVICE_FAMILY = "1,2";
			};
			name = Debug;
		};
		9D7334BA2804786A00B837D4 /* Release */ = {
			isa = XCBuildConfiguration;
			buildSettings = {
				ASSETCATALOG_COMPILER_APPICON_NAME = AppIcon;
				ASSETCATALOG_COMPILER_GLOBAL_ACCENT_COLOR_NAME = AccentColor;
				CODE_SIGN_STYLE = Automatic;
				CURRENT_PROJECT_VERSION = 1;
				DEVELOPMENT_ASSET_PATHS = "\"IronswornRuleBook/Preview Content\"";
				DEVELOPMENT_TEAM = 537KS4297U;
				ENABLE_PREVIEWS = YES;
				GENERATE_INFOPLIST_FILE = YES;
				INFOPLIST_FILE = IronswornRuleBook/Info.plist;
				INFOPLIST_KEY_UIApplicationSceneManifest_Generation = YES;
				INFOPLIST_KEY_UIApplicationSupportsIndirectInputEvents = YES;
				INFOPLIST_KEY_UILaunchScreen_Generation = YES;
				INFOPLIST_KEY_UISupportedInterfaceOrientations_iPad = "UIInterfaceOrientationPortrait UIInterfaceOrientationPortraitUpsideDown UIInterfaceOrientationLandscapeLeft UIInterfaceOrientationLandscapeRight";
				INFOPLIST_KEY_UISupportedInterfaceOrientations_iPhone = "UIInterfaceOrientationPortrait UIInterfaceOrientationLandscapeLeft UIInterfaceOrientationLandscapeRight";
				LD_RUNPATH_SEARCH_PATHS = (
					"$(inherited)",
					"@executable_path/Frameworks",
				);
				MARKETING_VERSION = 1.0;
				PRODUCT_BUNDLE_IDENTIFIER = Lin.IronswornRuleBook;
				PRODUCT_NAME = IronswornRuleBook;
				SWIFT_EMIT_LOC_STRINGS = YES;
				SWIFT_VERSION = 5.0;
				TARGETED_DEVICE_FAMILY = "1,2";
			};
			name = Release;
		};
		9D7334BC2804786A00B837D4 /* Debug */ = {
			isa = XCBuildConfiguration;
			buildSettings = {
				BUNDLE_LOADER = "$(TEST_HOST)";
				CODE_SIGN_STYLE = Automatic;
				CURRENT_PROJECT_VERSION = 1;
				DEVELOPMENT_TEAM = 537KS4297U;
				GENERATE_INFOPLIST_FILE = YES;
				"INSTALL_PATH[sdk=*]" = "";
				IPHONEOS_DEPLOYMENT_TARGET = 15.4;
				MARKETING_VERSION = 1.0;
				PRODUCT_BUNDLE_IDENTIFIER = Lin.IronswornRuleBookTests;
				PRODUCT_NAME = "$(TARGET_NAME)";
				SWIFT_EMIT_LOC_STRINGS = NO;
				SWIFT_VERSION = 5.0;
				TARGETED_DEVICE_FAMILY = "1,2";
				TEST_HOST = "$(BUILT_PRODUCTS_DIR)/IronswornRuleBook.app/IronswornRuleBook";
			};
			name = Debug;
		};
		9D7334BD2804786A00B837D4 /* Release */ = {
			isa = XCBuildConfiguration;
			buildSettings = {
				BUNDLE_LOADER = "$(TEST_HOST)";
				CODE_SIGN_STYLE = Automatic;
				CURRENT_PROJECT_VERSION = 1;
				DEVELOPMENT_TEAM = 537KS4297U;
				GENERATE_INFOPLIST_FILE = YES;
				IPHONEOS_DEPLOYMENT_TARGET = 15.4;
				MARKETING_VERSION = 1.0;
				PRODUCT_BUNDLE_IDENTIFIER = Lin.IronswornRuleBookTests;
				PRODUCT_NAME = "$(TARGET_NAME)";
				SWIFT_EMIT_LOC_STRINGS = NO;
				SWIFT_VERSION = 5.0;
				TARGETED_DEVICE_FAMILY = "1,2";
				TEST_HOST = "$(BUILT_PRODUCTS_DIR)/IronswornRuleBook.app/IronswornRuleBook";
			};
			name = Release;
		};
		9D7334BF2804786A00B837D4 /* Debug */ = {
			isa = XCBuildConfiguration;
			buildSettings = {
				CODE_SIGN_STYLE = Automatic;
				CURRENT_PROJECT_VERSION = 1;
				DEVELOPMENT_TEAM = 537KS4297U;
				GENERATE_INFOPLIST_FILE = YES;
				MARKETING_VERSION = 1.0;
				PRODUCT_BUNDLE_IDENTIFIER = Lin.IronswornRuleBookUITests;
				PRODUCT_NAME = "$(TARGET_NAME)";
				SWIFT_EMIT_LOC_STRINGS = NO;
				SWIFT_VERSION = 5.0;
				TARGETED_DEVICE_FAMILY = "1,2";
				TEST_TARGET_NAME = IronswornRuleBook;
			};
			name = Debug;
		};
		9D7334C02804786A00B837D4 /* Release */ = {
			isa = XCBuildConfiguration;
			buildSettings = {
				CODE_SIGN_STYLE = Automatic;
				CURRENT_PROJECT_VERSION = 1;
				DEVELOPMENT_TEAM = 537KS4297U;
				GENERATE_INFOPLIST_FILE = YES;
				MARKETING_VERSION = 1.0;
				PRODUCT_BUNDLE_IDENTIFIER = Lin.IronswornRuleBookUITests;
				PRODUCT_NAME = "$(TARGET_NAME)";
				SWIFT_EMIT_LOC_STRINGS = NO;
				SWIFT_VERSION = 5.0;
				TARGETED_DEVICE_FAMILY = "1,2";
				TEST_TARGET_NAME = IronswornRuleBook;
			};
			name = Release;
		};
/* End XCBuildConfiguration section */

/* Begin XCConfigurationList section */
		9D73348F2804786800B837D4 /* Build configuration list for PBXProject "IronswornRuleBook" */ = {
			isa = XCConfigurationList;
			buildConfigurations = (
				9D7334B62804786A00B837D4 /* Debug */,
				9D7334B72804786A00B837D4 /* Release */,
			);
			defaultConfigurationIsVisible = 0;
			defaultConfigurationName = Release;
		};
		9D7334B82804786A00B837D4 /* Build configuration list for PBXNativeTarget "IronswornRuleBook" */ = {
			isa = XCConfigurationList;
			buildConfigurations = (
				9D7334B92804786A00B837D4 /* Debug */,
				9D7334BA2804786A00B837D4 /* Release */,
			);
			defaultConfigurationIsVisible = 0;
			defaultConfigurationName = Release;
		};
		9D7334BB2804786A00B837D4 /* Build configuration list for PBXNativeTarget "IronswornRuleBookTests" */ = {
			isa = XCConfigurationList;
			buildConfigurations = (
				9D7334BC2804786A00B837D4 /* Debug */,
				9D7334BD2804786A00B837D4 /* Release */,
			);
			defaultConfigurationIsVisible = 0;
			defaultConfigurationName = Release;
		};
		9D7334BE2804786A00B837D4 /* Build configuration list for PBXNativeTarget "IronswornRuleBookUITests" */ = {
			isa = XCConfigurationList;
			buildConfigurations = (
				9D7334BF2804786A00B837D4 /* Debug */,
				9D7334C02804786A00B837D4 /* Release */,
			);
			defaultConfigurationIsVisible = 0;
			defaultConfigurationName = Release;
		};
/* End XCConfigurationList section */
	};
	rootObject = 9D73348C2804786800B837D4 /* Project object */;
}
